
Microsoft Visual Studio Solution File, Format Version 12.00
# Visual Studio Version 17
VisualStudioVersion = 17.5.33530.505
MinimumVisualStudioVersion = 10.0.40219.1
Project("{FAE04EC0-301F-11D3-BF4B-00C04F79EFBC}") = "WindowsFormsApp3", "WindowsFormsApp3\WindowsFormsApp3.csproj", "{9A196B9D-5193-461D-B596-8A7F37BC1860}"
EndProject
Global
	GlobalSection(SolutionConfigurationPlatforms) = preSolution
		Debug|Any CPU = Debug|Any CPU
		Release|Any CPU = Release|Any CPU
	EndGlobalSection
	GlobalSection(ProjectConfigurationPlatforms) = postSolution
		{9A196B9D-5193-461D-B596-8A7F37BC1860}.Debug|Any CPU.ActiveCfg = Debug|Any CPU
		{9A196B9D-5193-461D-B596-8A7F37BC1860}.Debug|Any CPU.Build.0 = Debug|Any CPU
		{9A196B9D-5193-461D-B596-8A7F37BC1860}.Release|Any CPU.ActiveCfg = Release|Any CPU
		{9A196B9D-5193-461D-B596-8A7F37BC1860}.Release|Any CPU.Build.0 = Release|Any CPU
	EndGlobalSection
	GlobalSection(SolutionProperties) = preSolution
		HideSolutionNode = FALSE
	EndGlobalSection
	GlobalSection(ExtensibilityGlobals) = postSolution
		SolutionGuid = {831CEA93-F3F2-4313-9498-347877BB2D0B}
	EndGlobalSection
EndGlobal
